// !$*UTF8*$!
{
	archiveVersion = 1;
	classes = {
	};
	objectVersion = 56;
	objects = {

/* Begin PBXBuildFile section */
		2BA96DBC2C6187D2008F7F55 /* ToDoListApp.swift in Sources */ = {isa = PBXBuildFile; fileRef = 2BA96DBB2C6187D2008F7F55 /* ToDoListApp.swift */; };
		2BA96DBE2C6187D2008F7F55 /* MainView.swift in Sources */ = {isa = PBXBuildFile; fileRef = 2BA96DBD2C6187D2008F7F55 /* MainView.swift */; };
		2BA96DC02C6187D3008F7F55 /* Assets.xcassets in Resources */ = {isa = PBXBuildFile; fileRef = 2BA96DBF2C6187D3008F7F55 /* Assets.xcassets */; };
		2BA96DC32C6187D3008F7F55 /* Preview Assets.xcassets in Resources */ = {isa = PBXBuildFile; fileRef = 2BA96DC22C6187D3008F7F55 /* Preview Assets.xcassets */; };
		2BA96DCD2C63C2B9008F7F55 /* FirebaseAuth in Frameworks */ = {isa = PBXBuildFile; productRef = 2BA96DCC2C63C2B9008F7F55 /* FirebaseAuth */; };
		2BA96DCF2C63C2B9008F7F55 /* FirebaseFirestore in Frameworks */ = {isa = PBXBuildFile; productRef = 2BA96DCE2C63C2B9008F7F55 /* FirebaseFirestore */; };
		2BA96DD82C69B13D008F7F55 /* GoogleService-Info.plist in Resources */ = {isa = PBXBuildFile; fileRef = 2BA96DD72C69B13D008F7F55 /* GoogleService-Info.plist */; };
		2BA96DDA2C6EAC67008F7F55 /* ProfileView.swift in Sources */ = {isa = PBXBuildFile; fileRef = 2BA96DD92C6EAC67008F7F55 /* ProfileView.swift */; };
		2BA96DDC2C6EAC7A008F7F55 /* ToDoListView.swift in Sources */ = {isa = PBXBuildFile; fileRef = 2BA96DDB2C6EAC7A008F7F55 /* ToDoListView.swift */; };
		2BA96DDE2C6EAC86008F7F55 /* NewItemView.swift in Sources */ = {isa = PBXBuildFile; fileRef = 2BA96DDD2C6EAC86008F7F55 /* NewItemView.swift */; };
		2BA96DE02C6EAC91008F7F55 /* LoginView.swift in Sources */ = {isa = PBXBuildFile; fileRef = 2BA96DDF2C6EAC91008F7F55 /* LoginView.swift */; };
		2BA96DE22C6EAC98008F7F55 /* RegisterView.swift in Sources */ = {isa = PBXBuildFile; fileRef = 2BA96DE12C6EAC98008F7F55 /* RegisterView.swift */; };
		2BA96DE42C6EACC3008F7F55 /* ToDoListItemView.swift in Sources */ = {isa = PBXBuildFile; fileRef = 2BA96DE32C6EACC3008F7F55 /* ToDoListItemView.swift */; };
		2BA96DE62C6EACF9008F7F55 /* User.swift in Sources */ = {isa = PBXBuildFile; fileRef = 2BA96DE52C6EACF9008F7F55 /* User.swift */; };
		2BA96DE82C6EAD04008F7F55 /* ToDoListItem.swift in Sources */ = {isa = PBXBuildFile; fileRef = 2BA96DE72C6EAD04008F7F55 /* ToDoListItem.swift */; };
		2BA96DEA2C6EAD2C008F7F55 /* MainViewViewModel.swift in Sources */ = {isa = PBXBuildFile; fileRef = 2BA96DE92C6EAD2C008F7F55 /* MainViewViewModel.swift */; };
		2BA96DEC2C6EAD38008F7F55 /* ProfileViewViewModel.swift in Sources */ = {isa = PBXBuildFile; fileRef = 2BA96DEB2C6EAD38008F7F55 /* ProfileViewViewModel.swift */; };
		2BA96DEE2C6EAD44008F7F55 /* ToDoListViewViewModel.swift in Sources */ = {isa = PBXBuildFile; fileRef = 2BA96DED2C6EAD44008F7F55 /* ToDoListViewViewModel.swift */; };
		2BA96DF02C6EAD55008F7F55 /* NewItemViewViewModel.swift in Sources */ = {isa = PBXBuildFile; fileRef = 2BA96DEF2C6EAD55008F7F55 /* NewItemViewViewModel.swift */; };
		2BA96DF42C6EAD6D008F7F55 /* LoginViewViewModel.swift in Sources */ = {isa = PBXBuildFile; fileRef = 2BA96DF32C6EAD6D008F7F55 /* LoginViewViewModel.swift */; };
		2BA96DF62C6EAD78008F7F55 /* RegisterViewViewModel.swift in Sources */ = {isa = PBXBuildFile; fileRef = 2BA96DF52C6EAD78008F7F55 /* RegisterViewViewModel.swift */; };
		2BA96DF82C6EAD8A008F7F55 /* ToDoListItemViewViewModel.swift in Sources */ = {isa = PBXBuildFile; fileRef = 2BA96DF72C6EAD8A008F7F55 /* ToDoListItemViewViewModel.swift */; };
/* End PBXBuildFile section */

/* Begin PBXFileReference section */
		2BA96DB82C6187D2008F7F55 /* ToDoList.app */ = {isa = PBXFileReference; explicitFileType = wrapper.application; includeInIndex = 0; path = ToDoList.app; sourceTree = BUILT_PRODUCTS_DIR; };
		2BA96DBB2C6187D2008F7F55 /* ToDoListApp.swift */ = {isa = PBXFileReference; lastKnownFileType = sourcecode.swift; path = ToDoListApp.swift; sourceTree = "<group>"; };
		2BA96DBD2C6187D2008F7F55 /* MainView.swift */ = {isa = PBXFileReference; lastKnownFileType = sourcecode.swift; path = MainView.swift; sourceTree = "<group>"; };
		2BA96DBF2C6187D3008F7F55 /* Assets.xcassets */ = {isa = PBXFileReference; lastKnownFileType = folder.assetcatalog; path = Assets.xcassets; sourceTree = "<group>"; };
		2BA96DC22C6187D3008F7F55 /* Preview Assets.xcassets */ = {isa = PBXFileReference; lastKnownFileType = folder.assetcatalog; path = "Preview Assets.xcassets"; sourceTree = "<group>"; };
		2BA96DD72C69B13D008F7F55 /* GoogleService-Info.plist */ = {isa = PBXFileReference; fileEncoding = 4; lastKnownFileType = text.plist.xml; name = "GoogleService-Info.plist"; path = "../../../../Downloads/GoogleService-Info.plist"; sourceTree = "<group>"; };
		2BA96DD92C6EAC67008F7F55 /* ProfileView.swift */ = {isa = PBXFileReference; lastKnownFileType = sourcecode.swift; path = ProfileView.swift; sourceTree = "<group>"; };
		2BA96DDB2C6EAC7A008F7F55 /* ToDoListView.swift */ = {isa = PBXFileReference; lastKnownFileType = sourcecode.swift; path = ToDoListView.swift; sourceTree = "<group>"; };
		2BA96DDD2C6EAC86008F7F55 /* NewItemView.swift */ = {isa = PBXFileReference; lastKnownFileType = sourcecode.swift; path = NewItemView.swift; sourceTree = "<group>"; };
		2BA96DDF2C6EAC91008F7F55 /* LoginView.swift */ = {isa = PBXFileReference; lastKnownFileType = sourcecode.swift; path = LoginView.swift; sourceTree = "<group>"; };
		2BA96DE12C6EAC98008F7F55 /* RegisterView.swift */ = {isa = PBXFileReference; lastKnownFileType = sourcecode.swift; path = RegisterView.swift; sourceTree = "<group>"; };
		2BA96DE32C6EACC3008F7F55 /* ToDoListItemView.swift */ = {isa = PBXFileReference; lastKnownFileType = sourcecode.swift; path = ToDoListItemView.swift; sourceTree = "<group>"; };
		2BA96DE52C6EACF9008F7F55 /* User.swift */ = {isa = PBXFileReference; lastKnownFileType = sourcecode.swift; path = User.swift; sourceTree = "<group>"; };
		2BA96DE72C6EAD04008F7F55 /* ToDoListItem.swift */ = {isa = PBXFileReference; lastKnownFileType = sourcecode.swift; path = ToDoListItem.swift; sourceTree = "<group>"; };
		2BA96DE92C6EAD2C008F7F55 /* MainViewViewModel.swift */ = {isa = PBXFileReference; lastKnownFileType = sourcecode.swift; path = MainViewViewModel.swift; sourceTree = "<group>"; };
		2BA96DEB2C6EAD38008F7F55 /* ProfileViewViewModel.swift */ = {isa = PBXFileReference; lastKnownFileType = sourcecode.swift; path = ProfileViewViewModel.swift; sourceTree = "<group>"; };
		2BA96DED2C6EAD44008F7F55 /* ToDoListViewViewModel.swift */ = {isa = PBXFileReference; lastKnownFileType = sourcecode.swift; path = ToDoListViewViewModel.swift; sourceTree = "<group>"; };
		2BA96DEF2C6EAD55008F7F55 /* NewItemViewViewModel.swift */ = {isa = PBXFileReference; lastKnownFileType = sourcecode.swift; path = NewItemViewViewModel.swift; sourceTree = "<group>"; };
		2BA96DF32C6EAD6D008F7F55 /* LoginViewViewModel.swift */ = {isa = PBXFileReference; lastKnownFileType = sourcecode.swift; path = LoginViewViewModel.swift; sourceTree = "<group>"; };
		2BA96DF52C6EAD78008F7F55 /* RegisterViewViewModel.swift */ = {isa = PBXFileReference; lastKnownFileType = sourcecode.swift; path = RegisterViewViewModel.swift; sourceTree = "<group>"; };
		2BA96DF72C6EAD8A008F7F55 /* ToDoListItemViewViewModel.swift */ = {isa = PBXFileReference; lastKnownFileType = sourcecode.swift; path = ToDoListItemViewViewModel.swift; sourceTree = "<group>"; };
/* End PBXFileReference section */

/* Begin PBXFrameworksBuildPhase section */
		2BA96DB52C6187D2008F7F55 /* Frameworks */ = {
			isa = PBXFrameworksBuildPhase;
			buildActionMask = 2147483647;
			files = (
				2BA96DCD2C63C2B9008F7F55 /* FirebaseAuth in Frameworks */,
				2BA96DCF2C63C2B9008F7F55 /* FirebaseFirestore in Frameworks */,
			);
			runOnlyForDeploymentPostprocessing = 0;
		};
/* End PBXFrameworksBuildPhase section */

/* Begin PBXGroup section */
		2BA96DAF2C6187D2008F7F55 = {
			isa = PBXGroup;
			children = (
				2BA96DBA2C6187D2008F7F55 /* ToDoList */,
				2BA96DB92C6187D2008F7F55 /* Products */,
			);
			sourceTree = "<group>";
		};
		2BA96DB92C6187D2008F7F55 /* Products */ = {
			isa = PBXGroup;
			children = (
				2BA96DB82C6187D2008F7F55 /* ToDoList.app */,
			);
			name = Products;
			sourceTree = "<group>";
		};
		2BA96DBA2C6187D2008F7F55 /* ToDoList */ = {
			isa = PBXGroup;
			children = (
				2BA96DD32C69AF65008F7F55 /* Other */,
				2BA96DD22C69AF52008F7F55 /* Models */,
				2BA96DD12C69AF3B008F7F55 /* ViewModels */,
				2BA96DD02C69AF2D008F7F55 /* Views */,
				2BA96DC12C6187D3008F7F55 /* Preview Content */,
			);
			path = ToDoList;
			sourceTree = "<group>";
		};
		2BA96DC12C6187D3008F7F55 /* Preview Content */ = {
			isa = PBXGroup;
			children = (
				2BA96DC22C6187D3008F7F55 /* Preview Assets.xcassets */,
			);
			path = "Preview Content";
			sourceTree = "<group>";
		};
		2BA96DD02C69AF2D008F7F55 /* Views */ = {
			isa = PBXGroup;
			children = (
				2BA96DBD2C6187D2008F7F55 /* MainView.swift */,
				2BA96DD92C6EAC67008F7F55 /* ProfileView.swift */,
				2BA96DDB2C6EAC7A008F7F55 /* ToDoListView.swift */,
				2BA96DDD2C6EAC86008F7F55 /* NewItemView.swift */,
				2BA96DDF2C6EAC91008F7F55 /* LoginView.swift */,
				2BA96DE12C6EAC98008F7F55 /* RegisterView.swift */,
				2BA96DE32C6EACC3008F7F55 /* ToDoListItemView.swift */,
			);
			path = Views;
			sourceTree = "<group>";
		};
		2BA96DD12C69AF3B008F7F55 /* ViewModels */ = {
			isa = PBXGroup;
			children = (
				2BA96DE92C6EAD2C008F7F55 /* MainViewViewModel.swift */,
				2BA96DEB2C6EAD38008F7F55 /* ProfileViewViewModel.swift */,
				2BA96DED2C6EAD44008F7F55 /* ToDoListViewViewModel.swift */,
				2BA96DEF2C6EAD55008F7F55 /* NewItemViewViewModel.swift */,
				2BA96DF32C6EAD6D008F7F55 /* LoginViewViewModel.swift */,
				2BA96DF52C6EAD78008F7F55 /* RegisterViewViewModel.swift */,
				2BA96DF72C6EAD8A008F7F55 /* ToDoListItemViewViewModel.swift */,
			);
			path = ViewModels;
			sourceTree = "<group>";
		};
		2BA96DD22C69AF52008F7F55 /* Models */ = {
			isa = PBXGroup;
			children = (
				2BA96DE52C6EACF9008F7F55 /* User.swift */,
				2BA96DE72C6EAD04008F7F55 /* ToDoListItem.swift */,
			);
			path = Models;
			sourceTree = "<group>";
		};
		2BA96DD32C69AF65008F7F55 /* Other */ = {
			isa = PBXGroup;
			children = (
				2BA96DD72C69B13D008F7F55 /* GoogleService-Info.plist */,
				2BA96DBF2C6187D3008F7F55 /* Assets.xcassets */,
				2BA96DBB2C6187D2008F7F55 /* ToDoListApp.swift */,
			);
			path = Other;
			sourceTree = "<group>";
		};
/* End PBXGroup section */

/* Begin PBXNativeTarget section */
		2BA96DB72C6187D2008F7F55 /* ToDoList */ = {
			isa = PBXNativeTarget;
			buildConfigurationList = 2BA96DC62C6187D3008F7F55 /* Build configuration list for PBXNativeTarget "ToDoList" */;
			buildPhases = (
				2BA96DB42C6187D2008F7F55 /* Sources */,
				2BA96DB52C6187D2008F7F55 /* Frameworks */,
				2BA96DB62C6187D2008F7F55 /* Resources */,
			);
			buildRules = (
			);
			dependencies = (
			);
			name = ToDoList;
			packageProductDependencies = (
				2BA96DCC2C63C2B9008F7F55 /* FirebaseAuth */,
				2BA96DCE2C63C2B9008F7F55 /* FirebaseFirestore */,
			);
			productName = ToDoList;
			productReference = 2BA96DB82C6187D2008F7F55 /* ToDoList.app */;
			productType = "com.apple.product-type.application";
		};
/* End PBXNativeTarget section */

/* Begin PBXProject section */
		2BA96DB02C6187D2008F7F55 /* Project object */ = {
			isa = PBXProject;
			attributes = {
				BuildIndependentTargetsInParallel = 1;
				LastSwiftUpdateCheck = 1540;
				LastUpgradeCheck = 1540;
				TargetAttributes = {
					2BA96DB72C6187D2008F7F55 = {
						CreatedOnToolsVersion = 15.4;
					};
				};
			};
			buildConfigurationList = 2BA96DB32C6187D2008F7F55 /* Build configuration list for PBXProject "ToDoList" */;
			compatibilityVersion = "Xcode 14.0";
			developmentRegion = en;
			hasScannedForEncodings = 0;
			knownRegions = (
				en,
				Base,
			);
			mainGroup = 2BA96DAF2C6187D2008F7F55;
			packageReferences = (
				2BA96DCB2C63C2B9008F7F55 /* XCRemoteSwiftPackageReference "firebase-ios-sdk" */,
			);
			productRefGroup = 2BA96DB92C6187D2008F7F55 /* Products */;
			projectDirPath = "";
			projectRoot = "";
			targets = (
				2BA96DB72C6187D2008F7F55 /* ToDoList */,
			);
		};
/* End PBXProject section */

/* Begin PBXResourcesBuildPhase section */
		2BA96DB62C6187D2008F7F55 /* Resources */ = {
			isa = PBXResourcesBuildPhase;
			buildActionMask = 2147483647;
			files = (
				2BA96DC32C6187D3008F7F55 /* Preview Assets.xcassets in Resources */,
				2BA96DD82C69B13D008F7F55 /* GoogleService-Info.plist in Resources */,
				2BA96DC02C6187D3008F7F55 /* Assets.xcassets in Resources */,
			);
			runOnlyForDeploymentPostprocessing = 0;
		};
/* End PBXResourcesBuildPhase section */

/* Begin PBXSourcesBuildPhase section */
		2BA96DB42C6187D2008F7F55 /* Sources */ = {
			isa = PBXSourcesBuildPhase;
			buildActionMask = 2147483647;
			files = (
				2BA96DE02C6EAC91008F7F55 /* LoginView.swift in Sources */,
				2BA96DBE2C6187D2008F7F55 /* MainView.swift in Sources */,
				2BA96DF62C6EAD78008F7F55 /* RegisterViewViewModel.swift in Sources */,
				2BA96DEA2C6EAD2C008F7F55 /* MainViewViewModel.swift in Sources */,
				2BA96DE22C6EAC98008F7F55 /* RegisterView.swift in Sources */,
				2BA96DDC2C6EAC7A008F7F55 /* ToDoListView.swift in Sources */,
				2BA96DEC2C6EAD38008F7F55 /* ProfileViewViewModel.swift in Sources */,
				2BA96DDA2C6EAC67008F7F55 /* ProfileView.swift in Sources */,
				2BA96DE62C6EACF9008F7F55 /* User.swift in Sources */,
				2BA96DE42C6EACC3008F7F55 /* ToDoListItemView.swift in Sources */,
				2BA96DEE2C6EAD44008F7F55 /* ToDoListViewViewModel.swift in Sources */,
				2BA96DF42C6EAD6D008F7F55 /* LoginViewViewModel.swift in Sources */,
				2BA96DBC2C6187D2008F7F55 /* ToDoListApp.swift in Sources */,
				2BA96DE82C6EAD04008F7F55 /* ToDoListItem.swift in Sources */,
				2BA96DDE2C6EAC86008F7F55 /* NewItemView.swift in Sources */,
				2BA96DF02C6EAD55008F7F55 /* NewItemViewViewModel.swift in Sources */,
				2BA96DF82C6EAD8A008F7F55 /* ToDoListItemViewViewModel.swift in Sources */,
			);
			runOnlyForDeploymentPostprocessing = 0;
		};
/* End PBXSourcesBuildPhase section */

/* Begin XCBuildConfiguration section */
		2BA96DC42C6187D3008F7F55 /* Debug */ = {
			isa = XCBuildConfiguration;
			buildSettings = {
				ALWAYS_SEARCH_USER_PATHS = NO;
				ASSETCATALOG_COMPILER_GENERATE_SWIFT_ASSET_SYMBOL_EXTENSIONS = YES;
				CLANG_ANALYZER_NONNULL = YES;
				CLANG_ANALYZER_NUMBER_OBJECT_CONVERSION = YES_AGGRESSIVE;
				CLANG_CXX_LANGUAGE_STANDARD = "gnu++20";
				CLANG_ENABLE_MODULES = YES;
				CLANG_ENABLE_OBJC_ARC = YES;
				CLANG_ENABLE_OBJC_WEAK = YES;
				CLANG_WARN_BLOCK_CAPTURE_AUTORELEASING = YES;
				CLANG_WARN_BOOL_CONVERSION = YES;
				CLANG_WARN_COMMA = YES;
				CLANG_WARN_CONSTANT_CONVERSION = YES;
				CLANG_WARN_DEPRECATED_OBJC_IMPLEMENTATIONS = YES;
				CLANG_WARN_DIRECT_OBJC_ISA_USAGE = YES_ERROR;
				CLANG_WARN_DOCUMENTATION_COMMENTS = YES;
				CLANG_WARN_EMPTY_BODY = YES;
				CLANG_WARN_ENUM_CONVERSION = YES;
				CLANG_WARN_INFINITE_RECURSION = YES;
				CLANG_WARN_INT_CONVERSION = YES;
				CLANG_WARN_NON_LITERAL_NULL_CONVERSION = YES;
				CLANG_WARN_OBJC_IMPLICIT_RETAIN_SELF = YES;
				CLANG_WARN_OBJC_LITERAL_CONVERSION = YES;
				CLANG_WARN_OBJC_ROOT_CLASS = YES_ERROR;
				CLANG_WARN_QUOTED_INCLUDE_IN_FRAMEWORK_HEADER = YES;
				CLANG_WARN_RANGE_LOOP_ANALYSIS = YES;
				CLANG_WARN_STRICT_PROTOTYPES = YES;
				CLANG_WARN_SUSPICIOUS_MOVE = YES;
				CLANG_WARN_UNGUARDED_AVAILABILITY = YES_AGGRESSIVE;
				CLANG_WARN_UNREACHABLE_CODE = YES;
				CLANG_WARN__DUPLICATE_METHOD_MATCH = YES;
				COPY_PHASE_STRIP = NO;
				DEBUG_INFORMATION_FORMAT = dwarf;
				ENABLE_STRICT_OBJC_MSGSEND = YES;
				ENABLE_TESTABILITY = YES;
				ENABLE_USER_SCRIPT_SANDBOXING = YES;
				GCC_C_LANGUAGE_STANDARD = gnu17;
				GCC_DYNAMIC_NO_PIC = NO;
				GCC_NO_COMMON_BLOCKS = YES;
				GCC_OPTIMIZATION_LEVEL = 0;
				GCC_PREPROCESSOR_DEFINITIONS = (
					"DEBUG=1",
					"$(inherited)",
				);
				GCC_WARN_64_TO_32_BIT_CONVERSION = YES;
				GCC_WARN_ABOUT_RETURN_TYPE = YES_ERROR;
				GCC_WARN_UNDECLARED_SELECTOR = YES;
				GCC_WARN_UNINITIALIZED_AUTOS = YES_AGGRESSIVE;
				GCC_WARN_UNUSED_FUNCTION = YES;
				GCC_WARN_UNUSED_VARIABLE = YES;
				IPHONEOS_DEPLOYMENT_TARGET = 17.5;
				LOCALIZATION_PREFERS_STRING_CATALOGS = YES;
				MTL_ENABLE_DEBUG_INFO = INCLUDE_SOURCE;
				MTL_FAST_MATH = YES;
				ONLY_ACTIVE_ARCH = YES;
				SDKROOT = iphoneos;
				SWIFT_ACTIVE_COMPILATION_CONDITIONS = "DEBUG $(inherited)";
				SWIFT_OPTIMIZATION_LEVEL = "-Onone";
			};
			name = Debug;
		};
		2BA96DC52C6187D3008F7F55 /* Release */ = {
			isa = XCBuildConfiguration;
			buildSettings = {
				ALWAYS_SEARCH_USER_PATHS = NO;
				ASSETCATALOG_COMPILER_GENERATE_SWIFT_ASSET_SYMBOL_EXTENSIONS = YES;
				CLANG_ANALYZER_NONNULL = YES;
				CLANG_ANALYZER_NUMBER_OBJECT_CONVERSION = YES_AGGRESSIVE;
				CLANG_CXX_LANGUAGE_STANDARD = "gnu++20";
				CLANG_ENABLE_MODULES = YES;
				CLANG_ENABLE_OBJC_ARC = YES;
				CLANG_ENABLE_OBJC_WEAK = YES;
				CLANG_WARN_BLOCK_CAPTURE_AUTORELEASING = YES;
				CLANG_WARN_BOOL_CONVERSION = YES;
				CLANG_WARN_COMMA = YES;
				CLANG_WARN_CONSTANT_CONVERSION = YES;
				CLANG_WARN_DEPRECATED_OBJC_IMPLEMENTATIONS = YES;
				CLANG_WARN_DIRECT_OBJC_ISA_USAGE = YES_ERROR;
				CLANG_WARN_DOCUMENTATION_COMMENTS = YES;
				CLANG_WARN_EMPTY_BODY = YES;
				CLANG_WARN_ENUM_CONVERSION = YES;
				CLANG_WARN_INFINITE_RECURSION = YES;
				CLANG_WARN_INT_CONVERSION = YES;
				CLANG_WARN_NON_LITERAL_NULL_CONVERSION = YES;
				CLANG_WARN_OBJC_IMPLICIT_RETAIN_SELF = YES;
				CLANG_WARN_OBJC_LITERAL_CONVERSION = YES;
				CLANG_WARN_OBJC_ROOT_CLASS = YES_ERROR;
				CLANG_WARN_QUOTED_INCLUDE_IN_FRAMEWORK_HEADER = YES;
				CLANG_WARN_RANGE_LOOP_ANALYSIS = YES;
				CLANG_WARN_STRICT_PROTOTYPES = YES;
				CLANG_WARN_SUSPICIOUS_MOVE = YES;
				CLANG_WARN_UNGUARDED_AVAILABILITY = YES_AGGRESSIVE;
				CLANG_WARN_UNREACHABLE_CODE = YES;
				CLANG_WARN__DUPLICATE_METHOD_MATCH = YES;
				COPY_PHASE_STRIP = NO;
				DEBUG_INFORMATION_FORMAT = "dwarf-with-dsym";
				ENABLE_NS_ASSERTIONS = NO;
				ENABLE_STRICT_OBJC_MSGSEND = YES;
				ENABLE_USER_SCRIPT_SANDBOXING = YES;
				GCC_C_LANGUAGE_STANDARD = gnu17;
				GCC_NO_COMMON_BLOCKS = YES;
				GCC_WARN_64_TO_32_BIT_CONVERSION = YES;
				GCC_WARN_ABOUT_RETURN_TYPE = YES_ERROR;
				GCC_WARN_UNDECLARED_SELECTOR = YES;
				GCC_WARN_UNINITIALIZED_AUTOS = YES_AGGRESSIVE;
				GCC_WARN_UNUSED_FUNCTION = YES;
				GCC_WARN_UNUSED_VARIABLE = YES;
				IPHONEOS_DEPLOYMENT_TARGET = 17.5;
				LOCALIZATION_PREFERS_STRING_CATALOGS = YES;
				MTL_ENABLE_DEBUG_INFO = NO;
				MTL_FAST_MATH = YES;
				SDKROOT = iphoneos;
				SWIFT_COMPILATION_MODE = wholemodule;
				VALIDATE_PRODUCT = YES;
			};
			name = Release;
		};
		2BA96DC72C6187D3008F7F55 /* Debug */ = {
			isa = XCBuildConfiguration;
			buildSettings = {
				ASSETCATALOG_COMPILER_APPICON_NAME = AppIcon;
				ASSETCATALOG_COMPILER_GLOBAL_ACCENT_COLOR_NAME = AccentColor;
				CODE_SIGN_STYLE = Automatic;
				CURRENT_PROJECT_VERSION = 1;
				DEVELOPMENT_ASSET_PATHS = "\"ToDoList/Preview Content\"";
				DEVELOPMENT_TEAM = Q5RF7T2UY7;
				ENABLE_PREVIEWS = YES;
				GENERATE_INFOPLIST_FILE = YES;
				INFOPLIST_KEY_CFBundleDisplayName = ToDoList;
				INFOPLIST_KEY_UIApplicationSceneManifest_Generation = YES;
				INFOPLIST_KEY_UIApplicationSupportsIndirectInputEvents = YES;
				INFOPLIST_KEY_UILaunchScreen_Generation = YES;
				INFOPLIST_KEY_UISupportedInterfaceOrientations = UIInterfaceOrientationPortrait;
				LD_RUNPATH_SEARCH_PATHS = (
					"$(inherited)",
					"@executable_path/Frameworks",
				);
				MARKETING_VERSION = 1.0;
				PRODUCT_BUNDLE_IDENTIFIER = code.sideProjects.ToDoList;
				PRODUCT_NAME = "$(TARGET_NAME)";
				SWIFT_EMIT_LOC_STRINGS = YES;
				SWIFT_VERSION = 5.0;
				TARGETED_DEVICE_FAMILY = "1,2";
			};
			name = Debug;
		};
		2BA96DC82C6187D3008F7F55 /* Release */ = {
			isa = XCBuildConfiguration;
			buildSettings = {
				ASSETCATALOG_COMPILER_APPICON_NAME = AppIcon;
				ASSETCATALOG_COMPILER_GLOBAL_ACCENT_COLOR_NAME = AccentColor;
				CODE_SIGN_STYLE = Automatic;
				CURRENT_PROJECT_VERSION = 1;
				DEVELOPMENT_ASSET_PATHS = "\"ToDoList/Preview Content\"";
				DEVELOPMENT_TEAM = Q5RF7T2UY7;
				ENABLE_PREVIEWS = YES;
				GENERATE_INFOPLIST_FILE = YES;
				INFOPLIST_KEY_CFBundleDisplayName = ToDoList;
				INFOPLIST_KEY_UIApplicationSceneManifest_Generation = YES;
				INFOPLIST_KEY_UIApplicationSupportsIndirectInputEvents = YES;
				INFOPLIST_KEY_UILaunchScreen_Generation = YES;
				INFOPLIST_KEY_UISupportedInterfaceOrientations = UIInterfaceOrientationPortrait;
				LD_RUNPATH_SEARCH_PATHS = (
					"$(inherited)",
					"@executable_path/Frameworks",
				);
				MARKETING_VERSION = 1.0;
				PRODUCT_BUNDLE_IDENTIFIER = code.sideProjects.ToDoList;
				PRODUCT_NAME = "$(TARGET_NAME)";
				SWIFT_EMIT_LOC_STRINGS = YES;
				SWIFT_VERSION = 5.0;
				TARGETED_DEVICE_FAMILY = "1,2";
			};
			name = Release;
		};
/* End XCBuildConfiguration section */

/* Begin XCConfigurationList section */
		2BA96DB32C6187D2008F7F55 /* Build configuration list for PBXProject "ToDoList" */ = {
			isa = XCConfigurationList;
			buildConfigurations = (
				2BA96DC42C6187D3008F7F55 /* Debug */,
				2BA96DC52C6187D3008F7F55 /* Release */,
			);
			defaultConfigurationIsVisible = 0;
			defaultConfigurationName = Release;
		};
		2BA96DC62C6187D3008F7F55 /* Build configuration list for PBXNativeTarget "ToDoList" */ = {
			isa = XCConfigurationList;
			buildConfigurations = (
				2BA96DC72C6187D3008F7F55 /* Debug */,
				2BA96DC82C6187D3008F7F55 /* Release */,
			);
			defaultConfigurationIsVisible = 0;
			defaultConfigurationName = Release;
		};
/* End XCConfigurationList section */

/* Begin XCRemoteSwiftPackageReference section */
		2BA96DCB2C63C2B9008F7F55 /* XCRemoteSwiftPackageReference "firebase-ios-sdk" */ = {
			isa = XCRemoteSwiftPackageReference;
			repositoryURL = "https://github.com/firebase/firebase-ios-sdk";
			requirement = {
				kind = upToNextMajorVersion;
				minimumVersion = 11.0.0;
			};
		};
/* End XCRemoteSwiftPackageReference section */

/* Begin XCSwiftPackageProductDependency section */
		2BA96DCC2C63C2B9008F7F55 /* FirebaseAuth */ = {
			isa = XCSwiftPackageProductDependency;
			package = 2BA96DCB2C63C2B9008F7F55 /* XCRemoteSwiftPackageReference "firebase-ios-sdk" */;
			productName = FirebaseAuth;
		};
		2BA96DCE2C63C2B9008F7F55 /* FirebaseFirestore */ = {
			isa = XCSwiftPackageProductDependency;
			package = 2BA96DCB2C63C2B9008F7F55 /* XCRemoteSwiftPackageReference "firebase-ios-sdk" */;
			productName = FirebaseFirestore;
		};
/* End XCSwiftPackageProductDependency section */
	};
	rootObject = 2BA96DB02C6187D2008F7F55 /* Project object */;
}
